{
    "version": 3,
    "terraform_version": "0.11.8",
    "serial": 48,
    "lineage": "5669ed3e-b925-bd02-a26b-ae43ebd73f9e",
    "modules": [
        {
            "path": [
                "root"
            ],
            "outputs": {},
            "resources": {
                "google_compute_firewall.default": {
                    "type": "google_compute_firewall",
                    "depends_on": [],
                    "primary": {
                        "id": "server-firewall",
                        "attributes": {
                            "allow.#": "2",
                            "allow.1367131964.ports.#": "0",
                            "allow.1367131964.protocol": "icmp",
                            "allow.2979411810.ports.#": "2",
                            "allow.2979411810.ports.0": "22",
                            "allow.2979411810.ports.1": "9000",
                            "allow.2979411810.protocol": "tcp",
                            "deny.#": "0",
                            "description": "",
                            "destination_ranges.#": "0",
                            "direction": "INGRESS",
                            "disabled": "false",
                            "id": "server-firewall",
                            "name": "server-firewall",
                            "network": "https://www.googleapis.com/compute/v1/projects/gcp9001/global/networks/default",
                            "priority": "1000",
                            "project": "gcp9001",
                            "self_link": "https://www.googleapis.com/compute/v1/projects/gcp9001/global/firewalls/server-firewall",
                            "source_ranges.#": "1",
                            "source_ranges.1080289494": "0.0.0.0/0",
                            "source_service_accounts.#": "0",
                            "source_tags.#": "0",
                            "target_service_accounts.#": "0",
                            "target_tags.#": "1",
                            "target_tags.1517147638": "server"
                        },
                        "meta": {
                            "schema_version": "1"
                        },
                        "tainted": false
                    },
                    "deposed": [],
                    "provider": "provider.google"
                },
                "google_compute_instance.default": {
                    "type": "google_compute_instance",
                    "depends_on": [],
                    "primary": {
                        "id": "server",
                        "attributes": {
                            "attached_disk.#": "0",
                            "boot_disk.#": "1",
                            "boot_disk.0.auto_delete": "true",
                            "boot_disk.0.device_name": "persistent-disk-0",
                            "boot_disk.0.disk_encryption_key_raw": "",
                            "boot_disk.0.disk_encryption_key_sha256": "",
                            "boot_disk.0.initialize_params.#": "1",
                            "boot_disk.0.initialize_params.0.image": "https://www.googleapis.com/compute/v1/projects/centos-cloud/global/images/centos-7-v20180815",
                            "boot_disk.0.initialize_params.0.size": "10",
                            "boot_disk.0.initialize_params.0.type": "pd-standard",
                            "boot_disk.0.source": "https://www.googleapis.com/compute/v1/projects/gcp9001/zones/europe-west2-c/disks/server",
                            "can_ip_forward": "false",
                            "cpu_platform": "Intel Broadwell",
                            "create_timeout": "4",
                            "deletion_protection": "false",
                            "guest_accelerator.#": "0",
                            "id": "server",
                            "instance_id": "890603153728433764",
                            "label_fingerprint": "42WmSpB8rSM=",
                            "labels.%": "0",
                            "machine_type": "f1-micro",
                            "metadata.%": "1",
                            "metadata.sshKeys": "terraform:ssh-rsa AAAAB3NzaC1yc2EAAAADAQABAAACAQDaj2nmMT/PGc/TRC4DWoS4jBZs2vGXHzUXi4Zma469qOXr59jcwklRMyk04mKhzEZGz/SLTmo7NAkJdA6sJ54UH1D3TAU7sh/JKwET37TrcdRxJp4NEfoWgItA+ElGXTjNtZ2vNkWdSQwy7q5Lp3+k7oHAKJUF5pTUlGGZrBV+nOdrkulAnYGvVQPP/CAHy5m9fza4K3+Tmadt/lqg9QdQMboUIl9OPK4X0I7A2HSfJb1MF62E2Wvqs8OEYCBI8J2Nm4MPisaCi58pktohi+fUh0tr5YRR12TldNhGl/lrSVXN0cHDfsV2ZuoHQVuVfp64f6k9WkS+h7clgUmDRsfnFMma3hXMS7ldgIrX7H+wRfLGcT9+FAxmM7tsOMA4nzbGysZAPOVjF0IbHCLDWG2jrzrwwRqLY0ERdaOUd53AjNTrqScMQy+xK8nxcEaB7XjcKnV3VAWWKDpMj0Qm3SI5JHBIfYfYOFWBTP8e4CyvGlSMdGcK2xap8K0gCvPO9aGKyWt1HAfuCXpwwhtLqhmZRmF2pVfgTh4ygMjmcLZ2O1KKn2Y5V5wR4EYSV21EZ4hAb+mSKvBmXBIc1zNNHQjrznYv5Pm82nYnV5I0LZbF0xZdZjqqnwz+cgVAuMNkJq0TLhI+feR1mg2cqqgHyTJ21U87Ykg7OR4Opo377wgzXw== thegwynne@gmail.com\n",
                            "metadata_fingerprint": "gL8ZO_nLv6g=",
                            "metadata_startup_script": "",
                            "min_cpu_platform": "",
                            "name": "server",
                            "network_interface.#": "1",
                            "network_interface.0.access_config.#": "1",
                            "network_interface.0.access_config.0.assigned_nat_ip": "35.230.145.243",
                            "network_interface.0.access_config.0.nat_ip": "35.230.145.243",
                            "network_interface.0.access_config.0.network_tier": "PREMIUM",
                            "network_interface.0.access_config.0.public_ptr_domain_name": "",
                            "network_interface.0.address": "10.154.0.2",
                            "network_interface.0.alias_ip_range.#": "0",
                            "network_interface.0.name": "nic0",
                            "network_interface.0.network": "https://www.googleapis.com/compute/v1/projects/gcp9001/global/networks/default",
                            "network_interface.0.network_ip": "10.154.0.2",
                            "network_interface.0.subnetwork": "https://www.googleapis.com/compute/v1/projects/gcp9001/regions/europe-west2/subnetworks/default",
                            "network_interface.0.subnetwork_project": "gcp9001",
                            "project": "gcp9001",
                            "scheduling.#": "1",
                            "scheduling.0.automatic_restart": "false",
                            "scheduling.0.on_host_maintenance": "MIGRATE",
                            "scheduling.0.preemptible": "false",
                            "scratch_disk.#": "0",
                            "self_link": "https://www.googleapis.com/compute/v1/projects/gcp9001/zones/europe-west2-c/instances/server",
                            "service_account.#": "0",
                            "tags.#": "1",
                            "tags.1517147638": "server",
                            "tags_fingerprint": "IX_iEHxGkOc=",
                            "zone": "europe-west2-c"
                        },
                        "meta": {
                            "e2bfb730-ecaa-11e6-8f88-34363bc7c4c0": {
                                "create": 360000000000,
                                "delete": 360000000000,
                                "update": 360000000000
                            },
                            "schema_version": "6"
                        },
                        "tainted": false
                    },
                    "deposed": [],
                    "provider": "provider.google"
                }
            },
            "depends_on": []
        }
    ]
}
